# This file was autogenerated by Stack.
# You should not edit this file by hand.
# For more information, please see the documentation at:
#   https://docs.haskellstack.org/en/stable/lock_files

packages:
- completed:
    hackage: typed-process-0.2.6.0@sha256:c901c13d491441830eb23132ad6968243a56b98161629d260a26c0b13c735fcd,2136
    pantry-tree:
      size: 529
      sha256: 2ef79f15f1f391e49dc522076f6d1584c7b305bf2aaa0dfec4dc0d4b61f31111
  original:
    hackage: typed-process-0.2.6.0@sha256:c901c13d491441830eb23132ad6968243a56b98161629d260a26c0b13c735fcd,2136
- completed:
    hackage: unliftio-0.2.14@sha256:7e6d3de70ad13e2efd14d417a19c1c5b33250cf0f6be9dfc907b39535a661c4a,3366
    pantry-tree:
      size: 2352
      sha256: 7f07d0b0ed71be25a9ea235b2974e1d2ff282210f968fbf25b932cb69351b293
  original:
    hackage: unliftio-0.2.14@sha256:7e6d3de70ad13e2efd14d417a19c1c5b33250cf0f6be9dfc907b39535a661c4a,3366
snapshots:
- completed:
    size: 585817
    url: https://raw.githubusercontent.com/commercialhaskell/stackage-snapshots/master/lts/18/5.yaml
    sha256: 22d24d0dacad9c1450b9a174c28d203f9bb482a2a8da9710a2f2a9f4afee2887
  original: lts-18.5
